
Microsoft Visual Studio Solution File, Format Version 12.00
# Visual Studio Version 17
VisualStudioVersion = 17.0.31903.59
MinimumVisualStudioVersion = 10.0.40219.1
Project("{FAE04EC0-301F-11D3-BF4B-00C04F79EFBC}") = "boxing", "boxing\boxing.csproj", "{89534EF9-4E44-4104-94FF-7E6A0902C6A6}"
EndProject
Project("{FAE04EC0-301F-11D3-BF4B-00C04F79EFBC}") = "memory-allocation", "memory-allocation\memory-allocation.csproj", "{B44C9F3A-2DDC-4E45-932F-EFD22CCA7A56}"
EndProject
Project("{FAE04EC0-301F-11D3-BF4B-00C04F79EFBC}") = "memory-leak", "memory-leak\memory-leak.csproj", "{ECDDFCF8-8289-4E3C-AAF9-9223D86F75F9}"
EndProject
Global
	GlobalSection(SolutionConfigurationPlatforms) = preSolution
		Debug|Any CPU = Debug|Any CPU
		Debug|x64 = Debug|x64
		Debug|x86 = Debug|x86
		Release|Any CPU = Release|Any CPU
		Release|x64 = Release|x64
		Release|x86 = Release|x86
	EndGlobalSection
	GlobalSection(ProjectConfigurationPlatforms) = postSolution
		{89534EF9-4E44-4104-94FF-7E6A0902C6A6}.Debug|Any CPU.ActiveCfg = Debug|Any CPU
		{89534EF9-4E44-4104-94FF-7E6A0902C6A6}.Debug|Any CPU.Build.0 = Debug|Any CPU
		{89534EF9-4E44-4104-94FF-7E6A0902C6A6}.Debug|x64.ActiveCfg = Debug|Any CPU
		{89534EF9-4E44-4104-94FF-7E6A0902C6A6}.Debug|x64.Build.0 = Debug|Any CPU
		{89534EF9-4E44-4104-94FF-7E6A0902C6A6}.Debug|x86.ActiveCfg = Debug|Any CPU
		{89534EF9-4E44-4104-94FF-7E6A0902C6A6}.Debug|x86.Build.0 = Debug|Any CPU
		{89534EF9-4E44-4104-94FF-7E6A0902C6A6}.Release|Any CPU.ActiveCfg = Release|Any CPU
		{89534EF9-4E44-4104-94FF-7E6A0902C6A6}.Release|Any CPU.Build.0 = Release|Any CPU
		{89534EF9-4E44-4104-94FF-7E6A0902C6A6}.Release|x64.ActiveCfg = Release|Any CPU
		{89534EF9-4E44-4104-94FF-7E6A0902C6A6}.Release|x64.Build.0 = Release|Any CPU
		{89534EF9-4E44-4104-94FF-7E6A0902C6A6}.Release|x86.ActiveCfg = Release|Any CPU
		{89534EF9-4E44-4104-94FF-7E6A0902C6A6}.Release|x86.Build.0 = Release|Any CPU
		{B44C9F3A-2DDC-4E45-932F-EFD22CCA7A56}.Debug|Any CPU.ActiveCfg = Debug|Any CPU
		{B44C9F3A-2DDC-4E45-932F-EFD22CCA7A56}.Debug|Any CPU.Build.0 = Debug|Any CPU
		{B44C9F3A-2DDC-4E45-932F-EFD22CCA7A56}.Debug|x64.ActiveCfg = Debug|Any CPU
		{B44C9F3A-2DDC-4E45-932F-EFD22CCA7A56}.Debug|x64.Build.0 = Debug|Any CPU
		{B44C9F3A-2DDC-4E45-932F-EFD22CCA7A56}.Debug|x86.ActiveCfg = Debug|Any CPU
		{B44C9F3A-2DDC-4E45-932F-EFD22CCA7A56}.Debug|x86.Build.0 = Debug|Any CPU
		{B44C9F3A-2DDC-4E45-932F-EFD22CCA7A56}.Release|Any CPU.ActiveCfg = Release|Any CPU
		{B44C9F3A-2DDC-4E45-932F-EFD22CCA7A56}.Release|Any CPU.Build.0 = Release|Any CPU
		{B44C9F3A-2DDC-4E45-932F-EFD22CCA7A56}.Release|x64.ActiveCfg = Release|Any CPU
		{B44C9F3A-2DDC-4E45-932F-EFD22CCA7A56}.Release|x64.Build.0 = Release|Any CPU
		{B44C9F3A-2DDC-4E45-932F-EFD22CCA7A56}.Release|x86.ActiveCfg = Release|Any CPU
		{B44C9F3A-2DDC-4E45-932F-EFD22CCA7A56}.Release|x86.Build.0 = Release|Any CPU
		{ECDDFCF8-8289-4E3C-AAF9-9223D86F75F9}.Debug|Any CPU.ActiveCfg = Debug|Any CPU
		{ECDDFCF8-8289-4E3C-AAF9-9223D86F75F9}.Debug|Any CPU.Build.0 = Debug|Any CPU
		{ECDDFCF8-8289-4E3C-AAF9-9223D86F75F9}.Debug|x64.ActiveCfg = Debug|Any CPU
		{ECDDFCF8-8289-4E3C-AAF9-9223D86F75F9}.Debug|x64.Build.0 = Debug|Any CPU
		{ECDDFCF8-8289-4E3C-AAF9-9223D86F75F9}.Debug|x86.ActiveCfg = Debug|Any CPU
		{ECDDFCF8-8289-4E3C-AAF9-9223D86F75F9}.Debug|x86.Build.0 = Debug|Any CPU
		{ECDDFCF8-8289-4E3C-AAF9-9223D86F75F9}.Release|Any CPU.ActiveCfg = Release|Any CPU
		{ECDDFCF8-8289-4E3C-AAF9-9223D86F75F9}.Release|Any CPU.Build.0 = Release|Any CPU
		{ECDDFCF8-8289-4E3C-AAF9-9223D86F75F9}.Release|x64.ActiveCfg = Release|Any CPU
		{ECDDFCF8-8289-4E3C-AAF9-9223D86F75F9}.Release|x64.Build.0 = Release|Any CPU
		{ECDDFCF8-8289-4E3C-AAF9-9223D86F75F9}.Release|x86.ActiveCfg = Release|Any CPU
		{ECDDFCF8-8289-4E3C-AAF9-9223D86F75F9}.Release|x86.Build.0 = Release|Any CPU
	EndGlobalSection
	GlobalSection(SolutionProperties) = preSolution
		HideSolutionNode = FALSE
	EndGlobalSection
EndGlobal
